
Microsoft Visual Studio Solution File, Format Version 12.00
# Visual Studio 2012
Project("{FAE04EC0-301F-11D3-BF4B-00C04F79EFBC}") = "DotNetPAN1000", "DotNetPAN1000.csproj", "{8F830AE7-92D7-48D5-9C4C-2D520DF89707}"
EndProject
Global
	GlobalSection(SolutionConfigurationPlatforms) = preSolution
		Debug|Any CPU = Debug|Any CPU
		Release|Any CPU = Release|Any CPU
	EndGlobalSection
	GlobalSection(ProjectConfigurationPlatforms) = postSolution
		{8F830AE7-92D7-48D5-9C4C-2D520DF89707}.Debug|Any CPU.ActiveCfg = Debug|Any CPU
		{8F830AE7-92D7-48D5-9C4C-2D520DF89707}.Debug|Any CPU.Build.0 = Debug|Any CPU
		{8F830AE7-92D7-48D5-9C4C-2D520DF89707}.Release|Any CPU.ActiveCfg = Release|Any CPU
		{8F830AE7-92D7-48D5-9C4C-2D520DF89707}.Release|Any CPU.Build.0 = Release|Any CPU
	EndGlobalSection
	GlobalSection(MonoDevelopProperties) = preSolution
		StartupItem = DotNetPAN1000.csproj
	EndGlobalSection
EndGlobal
